// !$*UTF8*$!
{
	archiveVersion = 1;
	classes = {
	};
	objectVersion = 56;
	objects = {

/* Begin PBXBuildFile section */
		3CA6293F2C18AD4100D97BA7 /* SheungKit_CoffeeApp.swift in Sources */ = {isa = PBXBuildFile; fileRef = 3CA6293E2C18AD4100D97BA7 /* SheungKit_CoffeeApp.swift */; };
		3CA629412C18AD4100D97BA7 /* ContentView.swift in Sources */ = {isa = PBXBuildFile; fileRef = 3CA629402C18AD4100D97BA7 /* ContentView.swift */; };
		3CA629432C18AD4200D97BA7 /* Assets.xcassets in Resources */ = {isa = PBXBuildFile; fileRef = 3CA629422C18AD4200D97BA7 /* Assets.xcassets */; };
		3CA629462C18AD4200D97BA7 /* Preview Assets.xcassets in Resources */ = {isa = PBXBuildFile; fileRef = 3CA629452C18AD4200D97BA7 /* Preview Assets.xcassets */; };
		3CA629532C18B19F00D97BA7 /* Order.swift in Sources */ = {isa = PBXBuildFile; fileRef = 3CA629522C18B19F00D97BA7 /* Order.swift */; };
		3CCA46322C18B81800DF4644 /* OrderDataSource.swift in Sources */ = {isa = PBXBuildFile; fileRef = 3CCA46312C18B81800DF4644 /* OrderDataSource.swift */; };
		3CCA46362C18BF0600DF4644 /* NewOrderView.swift in Sources */ = {isa = PBXBuildFile; fileRef = 3CCA46352C18BF0600DF4644 /* NewOrderView.swift */; };
		3CCA46382C18BF1800DF4644 /* OrderDetailView.swift in Sources */ = {isa = PBXBuildFile; fileRef = 3CCA46372C18BF1800DF4644 /* OrderDetailView.swift */; };
		3CCA463A2C18D76400DF4644 /* ListItemView.swift in Sources */ = {isa = PBXBuildFile; fileRef = 3CCA46392C18D76400DF4644 /* ListItemView.swift */; };
/* End PBXBuildFile section */

/* Begin PBXFileReference section */
		3CA6293B2C18AD4100D97BA7 /* SheungKit_Coffee.app */ = {isa = PBXFileReference; explicitFileType = wrapper.application; includeInIndex = 0; path = SheungKit_Coffee.app; sourceTree = BUILT_PRODUCTS_DIR; };
		3CA6293E2C18AD4100D97BA7 /* SheungKit_CoffeeApp.swift */ = {isa = PBXFileReference; lastKnownFileType = sourcecode.swift; path = SheungKit_CoffeeApp.swift; sourceTree = "<group>"; };
		3CA629402C18AD4100D97BA7 /* ContentView.swift */ = {isa = PBXFileReference; lastKnownFileType = sourcecode.swift; path = ContentView.swift; sourceTree = "<group>"; };
		3CA629422C18AD4200D97BA7 /* Assets.xcassets */ = {isa = PBXFileReference; lastKnownFileType = folder.assetcatalog; path = Assets.xcassets; sourceTree = "<group>"; };
		3CA629452C18AD4200D97BA7 /* Preview Assets.xcassets */ = {isa = PBXFileReference; lastKnownFileType = folder.assetcatalog; path = "Preview Assets.xcassets"; sourceTree = "<group>"; };
		3CA629522C18B19F00D97BA7 /* Order.swift */ = {isa = PBXFileReference; lastKnownFileType = sourcecode.swift; path = Order.swift; sourceTree = "<group>"; };
		3CCA46312C18B81800DF4644 /* OrderDataSource.swift */ = {isa = PBXFileReference; lastKnownFileType = sourcecode.swift; path = OrderDataSource.swift; sourceTree = "<group>"; };
		3CCA46352C18BF0600DF4644 /* NewOrderView.swift */ = {isa = PBXFileReference; lastKnownFileType = sourcecode.swift; path = NewOrderView.swift; sourceTree = "<group>"; };
		3CCA46372C18BF1800DF4644 /* OrderDetailView.swift */ = {isa = PBXFileReference; lastKnownFileType = sourcecode.swift; path = OrderDetailView.swift; sourceTree = "<group>"; };
		3CCA46392C18D76400DF4644 /* ListItemView.swift */ = {isa = PBXFileReference; lastKnownFileType = sourcecode.swift; path = ListItemView.swift; sourceTree = "<group>"; };
/* End PBXFileReference section */

/* Begin PBXFrameworksBuildPhase section */
		3CA629382C18AD4100D97BA7 /* Frameworks */ = {
			isa = PBXFrameworksBuildPhase;
			buildActionMask = 2147483647;
			files = (
			);
			runOnlyForDeploymentPostprocessing = 0;
		};
/* End PBXFrameworksBuildPhase section */

/* Begin PBXGroup section */
		3CA629322C18AD4100D97BA7 = {
			isa = PBXGroup;
			children = (
				3CA6293D2C18AD4100D97BA7 /* SheungKit_Coffee */,
				3CA6293C2C18AD4100D97BA7 /* Products */,
			);
			sourceTree = "<group>";
		};
		3CA6293C2C18AD4100D97BA7 /* Products */ = {
			isa = PBXGroup;
			children = (
				3CA6293B2C18AD4100D97BA7 /* SheungKit_Coffee.app */,
			);
			name = Products;
			sourceTree = "<group>";
		};
		3CA6293D2C18AD4100D97BA7 /* SheungKit_Coffee */ = {
			isa = PBXGroup;
			children = (
				3CA6293E2C18AD4100D97BA7 /* SheungKit_CoffeeApp.swift */,
				3CA629402C18AD4100D97BA7 /* ContentView.swift */,
				3CA629422C18AD4200D97BA7 /* Assets.xcassets */,
				3CA629442C18AD4200D97BA7 /* Preview Content */,
				3CA629522C18B19F00D97BA7 /* Order.swift */,
				3CCA46312C18B81800DF4644 /* OrderDataSource.swift */,
				3CCA46392C18D76400DF4644 /* ListItemView.swift */,
				3CCA46352C18BF0600DF4644 /* NewOrderView.swift */,
				3CCA46372C18BF1800DF4644 /* OrderDetailView.swift */,
			);
			path = SheungKit_Coffee;
			sourceTree = "<group>";
		};
		3CA629442C18AD4200D97BA7 /* Preview Content */ = {
			isa = PBXGroup;
			children = (
				3CA629452C18AD4200D97BA7 /* Preview Assets.xcassets */,
			);
			path = "Preview Content";
			sourceTree = "<group>";
		};
/* End PBXGroup section */

/* Begin PBXNativeTarget section */
		3CA6293A2C18AD4100D97BA7 /* SheungKit_Coffee */ = {
			isa = PBXNativeTarget;
			buildConfigurationList = 3CA629492C18AD4200D97BA7 /* Build configuration list for PBXNativeTarget "SheungKit_Coffee" */;
			buildPhases = (
				3CA629372C18AD4100D97BA7 /* Sources */,
				3CA629382C18AD4100D97BA7 /* Frameworks */,
				3CA629392C18AD4100D97BA7 /* Resources */,
			);
			buildRules = (
			);
			dependencies = (
			);
			name = SheungKit_Coffee;
			productName = SheungKit_Coffee;
			productReference = 3CA6293B2C18AD4100D97BA7 /* SheungKit_Coffee.app */;
			productType = "com.apple.product-type.application";
		};
/* End PBXNativeTarget section */

/* Begin PBXProject section */
		3CA629332C18AD4100D97BA7 /* Project object */ = {
			isa = PBXProject;
			attributes = {
				BuildIndependentTargetsInParallel = 1;
				LastSwiftUpdateCheck = 1540;
				LastUpgradeCheck = 1540;
				TargetAttributes = {
					3CA6293A2C18AD4100D97BA7 = {
						CreatedOnToolsVersion = 15.4;
					};
				};
			};
			buildConfigurationList = 3CA629362C18AD4100D97BA7 /* Build configuration list for PBXProject "SheungKit_Coffee" */;
			compatibilityVersion = "Xcode 14.0";
			developmentRegion = en;
			hasScannedForEncodings = 0;
			knownRegions = (
				en,
				Base,
			);
			mainGroup = 3CA629322C18AD4100D97BA7;
			productRefGroup = 3CA6293C2C18AD4100D97BA7 /* Products */;
			projectDirPath = "";
			projectRoot = "";
			targets = (
				3CA6293A2C18AD4100D97BA7 /* SheungKit_Coffee */,
			);
		};
/* End PBXProject section */

/* Begin PBXResourcesBuildPhase section */
		3CA629392C18AD4100D97BA7 /* Resources */ = {
			isa = PBXResourcesBuildPhase;
			buildActionMask = 2147483647;
			files = (
				3CA629462C18AD4200D97BA7 /* Preview Assets.xcassets in Resources */,
				3CA629432C18AD4200D97BA7 /* Assets.xcassets in Resources */,
			);
			runOnlyForDeploymentPostprocessing = 0;
		};
/* End PBXResourcesBuildPhase section */

/* Begin PBXSourcesBuildPhase section */
		3CA629372C18AD4100D97BA7 /* Sources */ = {
			isa = PBXSourcesBuildPhase;
			buildActionMask = 2147483647;
			files = (
				3CA629532C18B19F00D97BA7 /* Order.swift in Sources */,
				3CCA463A2C18D76400DF4644 /* ListItemView.swift in Sources */,
				3CA629412C18AD4100D97BA7 /* ContentView.swift in Sources */,
				3CCA46382C18BF1800DF4644 /* OrderDetailView.swift in Sources */,
				3CCA46362C18BF0600DF4644 /* NewOrderView.swift in Sources */,
				3CA6293F2C18AD4100D97BA7 /* SheungKit_CoffeeApp.swift in Sources */,
				3CCA46322C18B81800DF4644 /* OrderDataSource.swift in Sources */,
			);
			runOnlyForDeploymentPostprocessing = 0;
		};
/* End PBXSourcesBuildPhase section */

/* Begin XCBuildConfiguration section */
		3CA629472C18AD4200D97BA7 /* Debug */ = {
			isa = XCBuildConfiguration;
			buildSettings = {
				ALWAYS_SEARCH_USER_PATHS = NO;
				ASSETCATALOG_COMPILER_GENERATE_SWIFT_ASSET_SYMBOL_EXTENSIONS = YES;
				CLANG_ANALYZER_NONNULL = YES;
				CLANG_ANALYZER_NUMBER_OBJECT_CONVERSION = YES_AGGRESSIVE;
				CLANG_CXX_LANGUAGE_STANDARD = "gnu++20";
				CLANG_ENABLE_MODULES = YES;
				CLANG_ENABLE_OBJC_ARC = YES;
				CLANG_ENABLE_OBJC_WEAK = YES;
				CLANG_WARN_BLOCK_CAPTURE_AUTORELEASING = YES;
				CLANG_WARN_BOOL_CONVERSION = YES;
				CLANG_WARN_COMMA = YES;
				CLANG_WARN_CONSTANT_CONVERSION = YES;
				CLANG_WARN_DEPRECATED_OBJC_IMPLEMENTATIONS = YES;
				CLANG_WARN_DIRECT_OBJC_ISA_USAGE = YES_ERROR;
				CLANG_WARN_DOCUMENTATION_COMMENTS = YES;
				CLANG_WARN_EMPTY_BODY = YES;
				CLANG_WARN_ENUM_CONVERSION = YES;
				CLANG_WARN_INFINITE_RECURSION = YES;
				CLANG_WARN_INT_CONVERSION = YES;
				CLANG_WARN_NON_LITERAL_NULL_CONVERSION = YES;
				CLANG_WARN_OBJC_IMPLICIT_RETAIN_SELF = YES;
				CLANG_WARN_OBJC_LITERAL_CONVERSION = YES;
				CLANG_WARN_OBJC_ROOT_CLASS = YES_ERROR;
				CLANG_WARN_QUOTED_INCLUDE_IN_FRAMEWORK_HEADER = YES;
				CLANG_WARN_RANGE_LOOP_ANALYSIS = YES;
				CLANG_WARN_STRICT_PROTOTYPES = YES;
				CLANG_WARN_SUSPICIOUS_MOVE = YES;
				CLANG_WARN_UNGUARDED_AVAILABILITY = YES_AGGRESSIVE;
				CLANG_WARN_UNREACHABLE_CODE = YES;
				CLANG_WARN__DUPLICATE_METHOD_MATCH = YES;
				COPY_PHASE_STRIP = NO;
				DEBUG_INFORMATION_FORMAT = dwarf;
				ENABLE_STRICT_OBJC_MSGSEND = YES;
				ENABLE_TESTABILITY = YES;
				ENABLE_USER_SCRIPT_SANDBOXING = YES;
				GCC_C_LANGUAGE_STANDARD = gnu17;
				GCC_DYNAMIC_NO_PIC = NO;
				GCC_NO_COMMON_BLOCKS = YES;
				GCC_OPTIMIZATION_LEVEL = 0;
				GCC_PREPROCESSOR_DEFINITIONS = (
					"DEBUG=1",
					"$(inherited)",
				);
				GCC_WARN_64_TO_32_BIT_CONVERSION = YES;
				GCC_WARN_ABOUT_RETURN_TYPE = YES_ERROR;
				GCC_WARN_UNDECLARED_SELECTOR = YES;
				GCC_WARN_UNINITIALIZED_AUTOS = YES_AGGRESSIVE;
				GCC_WARN_UNUSED_FUNCTION = YES;
				GCC_WARN_UNUSED_VARIABLE = YES;
				IPHONEOS_DEPLOYMENT_TARGET = 17.5;
				LOCALIZATION_PREFERS_STRING_CATALOGS = YES;
				MTL_ENABLE_DEBUG_INFO = INCLUDE_SOURCE;
				MTL_FAST_MATH = YES;
				ONLY_ACTIVE_ARCH = YES;
				SDKROOT = iphoneos;
				SWIFT_ACTIVE_COMPILATION_CONDITIONS = "DEBUG $(inherited)";
				SWIFT_OPTIMIZATION_LEVEL = "-Onone";
			};
			name = Debug;
		};
		3CA629482C18AD4200D97BA7 /* Release */ = {
			isa = XCBuildConfiguration;
			buildSettings = {
				ALWAYS_SEARCH_USER_PATHS = NO;
				ASSETCATALOG_COMPILER_GENERATE_SWIFT_ASSET_SYMBOL_EXTENSIONS = YES;
				CLANG_ANALYZER_NONNULL = YES;
				CLANG_ANALYZER_NUMBER_OBJECT_CONVERSION = YES_AGGRESSIVE;
				CLANG_CXX_LANGUAGE_STANDARD = "gnu++20";
				CLANG_ENABLE_MODULES = YES;
				CLANG_ENABLE_OBJC_ARC = YES;
				CLANG_ENABLE_OBJC_WEAK = YES;
				CLANG_WARN_BLOCK_CAPTURE_AUTORELEASING = YES;
				CLANG_WARN_BOOL_CONVERSION = YES;
				CLANG_WARN_COMMA = YES;
				CLANG_WARN_CONSTANT_CONVERSION = YES;
				CLANG_WARN_DEPRECATED_OBJC_IMPLEMENTATIONS = YES;
				CLANG_WARN_DIRECT_OBJC_ISA_USAGE = YES_ERROR;
				CLANG_WARN_DOCUMENTATION_COMMENTS = YES;
				CLANG_WARN_EMPTY_BODY = YES;
				CLANG_WARN_ENUM_CONVERSION = YES;
				CLANG_WARN_INFINITE_RECURSION = YES;
				CLANG_WARN_INT_CONVERSION = YES;
				CLANG_WARN_NON_LITERAL_NULL_CONVERSION = YES;
				CLANG_WARN_OBJC_IMPLICIT_RETAIN_SELF = YES;
				CLANG_WARN_OBJC_LITERAL_CONVERSION = YES;
				CLANG_WARN_OBJC_ROOT_CLASS = YES_ERROR;
				CLANG_WARN_QUOTED_INCLUDE_IN_FRAMEWORK_HEADER = YES;
				CLANG_WARN_RANGE_LOOP_ANALYSIS = YES;
				CLANG_WARN_STRICT_PROTOTYPES = YES;
				CLANG_WARN_SUSPICIOUS_MOVE = YES;
				CLANG_WARN_UNGUARDED_AVAILABILITY = YES_AGGRESSIVE;
				CLANG_WARN_UNREACHABLE_CODE = YES;
				CLANG_WARN__DUPLICATE_METHOD_MATCH = YES;
				COPY_PHASE_STRIP = NO;
				DEBUG_INFORMATION_FORMAT = "dwarf-with-dsym";
				ENABLE_NS_ASSERTIONS = NO;
				ENABLE_STRICT_OBJC_MSGSEND = YES;
				ENABLE_USER_SCRIPT_SANDBOXING = YES;
				GCC_C_LANGUAGE_STANDARD = gnu17;
				GCC_NO_COMMON_BLOCKS = YES;
				GCC_WARN_64_TO_32_BIT_CONVERSION = YES;
				GCC_WARN_ABOUT_RETURN_TYPE = YES_ERROR;
				GCC_WARN_UNDECLARED_SELECTOR = YES;
				GCC_WARN_UNINITIALIZED_AUTOS = YES_AGGRESSIVE;
				GCC_WARN_UNUSED_FUNCTION = YES;
				GCC_WARN_UNUSED_VARIABLE = YES;
				IPHONEOS_DEPLOYMENT_TARGET = 17.5;
				LOCALIZATION_PREFERS_STRING_CATALOGS = YES;
				MTL_ENABLE_DEBUG_INFO = NO;
				MTL_FAST_MATH = YES;
				SDKROOT = iphoneos;
				SWIFT_COMPILATION_MODE = wholemodule;
				VALIDATE_PRODUCT = YES;
			};
			name = Release;
		};
		3CA6294A2C18AD4200D97BA7 /* Debug */ = {
			isa = XCBuildConfiguration;
			buildSettings = {
				ASSETCATALOG_COMPILER_APPICON_NAME = AppIcon;
				ASSETCATALOG_COMPILER_GLOBAL_ACCENT_COLOR_NAME = AccentColor;
				CODE_SIGN_STYLE = Automatic;
				CURRENT_PROJECT_VERSION = 1;
				DEVELOPMENT_ASSET_PATHS = "\"SheungKit_Coffee/Preview Content\"";
				ENABLE_PREVIEWS = YES;
				GENERATE_INFOPLIST_FILE = YES;
				INFOPLIST_KEY_UIApplicationSceneManifest_Generation = YES;
				INFOPLIST_KEY_UIApplicationSupportsIndirectInputEvents = YES;
				INFOPLIST_KEY_UILaunchScreen_Generation = YES;
				INFOPLIST_KEY_UISupportedInterfaceOrientations_iPad = "UIInterfaceOrientationPortrait UIInterfaceOrientationPortraitUpsideDown UIInterfaceOrientationLandscapeLeft UIInterfaceOrientationLandscapeRight";
				INFOPLIST_KEY_UISupportedInterfaceOrientations_iPhone = "UIInterfaceOrientationPortrait UIInterfaceOrientationLandscapeLeft UIInterfaceOrientationLandscapeRight";
				IPHONEOS_DEPLOYMENT_TARGET = 17.0;
				LD_RUNPATH_SEARCH_PATHS = (
					"$(inherited)",
					"@executable_path/Frameworks",
				);
				MARKETING_VERSION = 1.0;
				PRODUCT_BUNDLE_IDENTIFIER = "ca.georgebrown.mads4003.SheungKit-Coffee";
				PRODUCT_NAME = "$(TARGET_NAME)";
				SWIFT_EMIT_LOC_STRINGS = YES;
				SWIFT_VERSION = 5.0;
				TARGETED_DEVICE_FAMILY = "1,2";
			};
			name = Debug;
		};
		3CA6294B2C18AD4200D97BA7 /* Release */ = {
			isa = XCBuildConfiguration;
			buildSettings = {
				ASSETCATALOG_COMPILER_APPICON_NAME = AppIcon;
				ASSETCATALOG_COMPILER_GLOBAL_ACCENT_COLOR_NAME = AccentColor;
				CODE_SIGN_STYLE = Automatic;
				CURRENT_PROJECT_VERSION = 1;
				DEVELOPMENT_ASSET_PATHS = "\"SheungKit_Coffee/Preview Content\"";
				ENABLE_PREVIEWS = YES;
				GENERATE_INFOPLIST_FILE = YES;
				INFOPLIST_KEY_UIApplicationSceneManifest_Generation = YES;
				INFOPLIST_KEY_UIApplicationSupportsIndirectInputEvents = YES;
				INFOPLIST_KEY_UILaunchScreen_Generation = YES;
				INFOPLIST_KEY_UISupportedInterfaceOrientations_iPad = "UIInterfaceOrientationPortrait UIInterfaceOrientationPortraitUpsideDown UIInterfaceOrientationLandscapeLeft UIInterfaceOrientationLandscapeRight";
				INFOPLIST_KEY_UISupportedInterfaceOrientations_iPhone = "UIInterfaceOrientationPortrait UIInterfaceOrientationLandscapeLeft UIInterfaceOrientationLandscapeRight";
				IPHONEOS_DEPLOYMENT_TARGET = 17.0;
				LD_RUNPATH_SEARCH_PATHS = (
					"$(inherited)",
					"@executable_path/Frameworks",
				);
				MARKETING_VERSION = 1.0;
				PRODUCT_BUNDLE_IDENTIFIER = "ca.georgebrown.mads4003.SheungKit-Coffee";
				PRODUCT_NAME = "$(TARGET_NAME)";
				SWIFT_EMIT_LOC_STRINGS = YES;
				SWIFT_VERSION = 5.0;
				TARGETED_DEVICE_FAMILY = "1,2";
			};
			name = Release;
		};
/* End XCBuildConfiguration section */

/* Begin XCConfigurationList section */
		3CA629362C18AD4100D97BA7 /* Build configuration list for PBXProject "SheungKit_Coffee" */ = {
			isa = XCConfigurationList;
			buildConfigurations = (
				3CA629472C18AD4200D97BA7 /* Debug */,
				3CA629482C18AD4200D97BA7 /* Release */,
			);
			defaultConfigurationIsVisible = 0;
			defaultConfigurationName = Release;
		};
		3CA629492C18AD4200D97BA7 /* Build configuration list for PBXNativeTarget "SheungKit_Coffee" */ = {
			isa = XCConfigurationList;
			buildConfigurations = (
				3CA6294A2C18AD4200D97BA7 /* Debug */,
				3CA6294B2C18AD4200D97BA7 /* Release */,
			);
			defaultConfigurationIsVisible = 0;
			defaultConfigurationName = Release;
		};
/* End XCConfigurationList section */
	};
	rootObject = 3CA629332C18AD4100D97BA7 /* Project object */;
}
